{
  "name": "noteherder",
  "version": "0.1.0",
  "lockfileVersion": 1,
  "requires": true,
  "dependencies": {
    "array-union": {
      "version": "1.0.2",
      "resolved": "https://registry.npmjs.org/array-union/-/array-union-1.0.2.tgz",
      "integrity": "sha1-mjRBDk9OPaI96jdb5b5w8kd47Dk=",
      "dev": true
    },
    "brace-expansion": {
      "version": "1.1.8",
      "resolved": "https://registry.npmjs.org/brace-expansion/-/brace-expansion-1.1.8.tgz",
      "integrity": "sha1-wHshHHyVLsH479Uad+8NHTmQopI=",
      "dev": true
    },
    "class-autobind": {
      "version": "0.1.4",
      "resolved": "https://registry.npmjs.org/class-autobind/-/class-autobind-0.1.4.tgz",
      "integrity": "sha512-Hd4wk0aVnIiMKCI/qA006/U+yOlbLV0BVAeaQqh9NyQZMPWfIOJh5fPZqN3T9Y9UydYdfIa27Hxp+dPh7jYT3w=="
    },
    "classnames": {
      "version": "2.3.2",
      "resolved": "https://registry.npmjs.org/classnames/-/classnames-2.3.2.tgz",
      "integrity": "sha512-CSbhY4cFEJRe6/GQzIk5qXZ4Jeg5pcsP7b5peFSDpffpe1cqjASH/n9UTjBwOp6XpMSTwQ8Za2K5V02ueA7Tmw=="
    },
    "create-react-class": {
      "version": "15.7.0",
      "resolved": "https://registry.npmjs.org/create-react-class/-/create-react-class-15.7.0.tgz",
      "integrity": "sha512-QZv4sFWG9S5RUvkTYWbflxeZX+JG7Cz0Tn33rQBJ+WFQTqTfUTjMjiv9tnfXazjsO5r0KhPs+AqCjyrQX6h2ng==",
      "requires": {
        "loose-envify": "^1.3.1",
        "object-assign": "^4.1.1"
      }
    },
    "draft-js": {
      "version": "0.9.1",
      "resolved": "https://registry.npmjs.org/draft-js/-/draft-js-0.9.1.tgz",
      "integrity": "sha512-wQnp/LwKWP7uSrE6qxYww5Fx2eFXBVI/HnRAbZ88tlPSlFJdsL28wbrNIFhUHN808aP0plF70+z6u86pbPqCNw==",
      "requires": {
        "fbjs": "^0.8.3",
        "immutable": "~3.7.4",
        "object-assign": "^4.1.0"
      },
      "dependencies": {
        "immutable": {
          "version": "3.7.6",
          "resolved": "https://registry.npmjs.org/immutable/-/immutable-3.7.6.tgz",
          "integrity": "sha512-AizQPcaofEtO11RZhPPHBOJRdo/20MKQF9mBLnVkBoyHi1/zXK8fzVdnEpSV9gxqtnh6Qomfp3F0xT5qP/vThw=="
        }
      }
    },
    "draft-js-export-html": {
      "version": "0.5.4",
      "resolved": "https://registry.npmjs.org/draft-js-export-html/-/draft-js-export-html-0.5.4.tgz",
      "integrity": "sha512-eYkCKjez//2TgBPeH5Usww6qcrX27oL7hp7R4ZwODbXKRQ7bHBTuYzKQ67SGD1YuoV/FFEC1uJukkaxAO1OdFw==",
      "requires": {
        "draft-js-utils": "^0.1.5"
      }
    },
    "draft-js-export-markdown": {
      "version": "0.2.2",
      "resolved": "https://registry.npmjs.org/draft-js-export-markdown/-/draft-js-export-markdown-0.2.2.tgz",
      "integrity": "sha512-HXZ2E8zpDGlGbD6nVkgn2rxlv0J059SsQTKLTHNtpWuuCmU68TqfaS0Wl6RB0Jzh8kb0MBRKVgCSs396G/O+cg==",
      "requires": {
        "draft-js-utils": "^0.1.5"
      }
    },
    "draft-js-import-element": {
      "version": "0.4.3",
      "resolved": "https://registry.npmjs.org/draft-js-import-element/-/draft-js-import-element-0.4.3.tgz",
      "integrity": "sha512-nxdS9ECzYzcE+yH1eCrD/wGN0ws44BhRrnl8lFajDbDh+kgERXFH2pC3PQV1J00275ej3aWDKIU529PgJ1MuSQ==",
      "requires": {
        "draft-js-utils": "^0.1.5",
        "synthetic-dom": "^0.2.0"
      }
    },
    "draft-js-import-html": {
      "version": "0.3.2",
      "resolved": "https://registry.npmjs.org/draft-js-import-html/-/draft-js-import-html-0.3.2.tgz",
      "integrity": "sha512-xQSh0soWLhT6X0WXb0sxuZni751pk6FgvQ9UvJjtfEtIFtKQJn1d14ENhLBC9ASC1L5NwRbPXbc94AN9g0oHog==",
      "requires": {
        "draft-js-import-element": "^0.4.1"
      }
    },
    "draft-js-import-markdown": {
      "version": "0.2.3",
      "resolved": "https://registry.npmjs.org/draft-js-import-markdown/-/draft-js-import-markdown-0.2.3.tgz",
      "integrity": "sha512-7rSYT1TktylkDiZe4DSDNbL9ajd0OOgmXBl7zifIz7yzU81PRvqcUQAI9VkflDCrGJzJ/0NPhL+fn0Dvbaz8BA==",
      "requires": {
        "draft-js-import-element": "^0.4.0",
        "synthetic-dom": "^0.2.0"
      }
    },
    "draft-js-utils": {
      "version": "0.1.7",
      "resolved": "https://registry.npmjs.org/draft-js-utils/-/draft-js-utils-0.1.7.tgz",
      "integrity": "sha512-ji64YeVsRJ90UJ4QPmhhF4ryN+EvDAw6Y1R8aCqIJy7CbPsxMOECmtWBmSciEfcrE3dKZFoZKjRPV11pwGEoNg=="
    },
    "escape-string-regexp": {
      "version": "1.0.5",
      "resolved": "https://registry.npmjs.org/escape-string-regexp/-/escape-string-regexp-1.0.5.tgz",
      "integrity": "sha1-G2HAViGQqN/2rjuyzwIAyhMLhtQ=",
      "dev": true
    },
    "fbjs": {
      "version": "0.8.12",
      "resolved": "https://registry.npmjs.org/fbjs/-/fbjs-0.8.12.tgz",
      "integrity": "sha1-ELXZL3bUVXX9Y6IX1OoCvqL47QQ=",
      "dependencies": {
        "core-js": {
          "version": "1.2.7",
          "resolved": "https://registry.npmjs.org/core-js/-/core-js-1.2.7.tgz",
          "integrity": "sha1-ZSKUwUZR2yj6k70tX/KYOk8IxjY="
        }
      }
    },
    "filename-reserved-regex": {
      "version": "1.0.0",
      "resolved": "https://registry.npmjs.org/filename-reserved-regex/-/filename-reserved-regex-1.0.0.tgz",
      "integrity": "sha512-UZArj7+U+2reBBVCvVmRlyq9D7EYQdUtuNN+1iz7pF1jGcJ2L0TjiRCxsTZfj2xFbM4c25uGCUDpKTHA7L2TKg==",
      "dev": true
    },
    "filenamify": {
      "version": "1.2.1",
      "resolved": "https://registry.npmjs.org/filenamify/-/filenamify-1.2.1.tgz",
      "integrity": "sha512-DKVP0WQcB7WaIMSwDETqImRej2fepPqvXQjaVib7LRZn9Rxn5UbvK2tYTqGf1A1DkIprQQkG4XSQXSOZp7Q3GQ==",
      "dev": true,
      "requires": {
        "filename-reserved-regex": "^1.0.0",
        "strip-outer": "^1.0.0",
        "trim-repeated": "^1.0.0"
      }
    },
    "filenamify-url": {
      "version": "1.0.0",
      "resolved": "https://registry.npmjs.org/filenamify-url/-/filenamify-url-1.0.0.tgz",
      "integrity": "sha512-O9K9JcZeF5VdZWM1qR92NSv1WY2EofwudQayPx5dbnnFl9k0IcZha4eV/FGkjnBK+1irOQInij0yiooCHu/0Fg==",
      "dev": true,
      "requires": {
        "filenamify": "^1.0.0",
        "humanize-url": "^1.0.0"
      }
    },
    "fs.realpath": {
      "version": "1.0.0",
      "resolved": "https://registry.npmjs.org/fs.realpath/-/fs.realpath-1.0.0.tgz",
      "integrity": "sha1-FQStJSMVjKpA20onh8sBQRmU6k8=",
      "dev": true
    },
    "gh-pages": {
      "version": "1.2.0",
      "resolved": "https://registry.npmjs.org/gh-pages/-/gh-pages-1.2.0.tgz",
      "integrity": "sha512-cGLYAvxtlQ1iTwAS4g7FreZPXoE/g62Fsxln2mmR19mgs4zZI+XJ+wVVUhBFCF/0+Nmvbq+abyTWue1m1BSnmg==",
      "dev": true,
      "requires": {
        "async": "2.6.1",
        "commander": "2.15.1",
        "filenamify-url": "^1.0.0",
        "fs-extra": "^5.0.0",
        "globby": "^6.1.0",
        "graceful-fs": "4.1.11",
        "rimraf": "^2.6.2"
      },
      "dependencies": {
        "async": {
          "version": "2.6.1",
          "resolved": "https://registry.npmjs.org/async/-/async-2.6.1.tgz",
          "integrity": "sha512-fNEiL2+AZt6AlAw/29Cr0UDe4sRAHCpEHh54WMz+Bb7QfNcFw4h3loofyJpLeQs4Yx7yuqu/2dLgM5hKOs6HlQ==",
          "dev": true,
          "requires": {
            "lodash": "^4.17.10"
          }
        },
        "commander": {
          "version": "2.15.1",
          "resolved": "https://registry.npmjs.org/commander/-/commander-2.15.1.tgz",
          "integrity": "sha512-VlfT9F3V0v+jr4yxPc5gg9s62/fIVWsd2Bk2iD435um1NlGMYdVCq+MjcXnhYq2icNOizHr1kK+5TI6H0Hy0ag==",
          "dev": true
        },
        "fs-extra": {
          "version": "5.0.0",
          "resolved": "https://registry.npmjs.org/fs-extra/-/fs-extra-5.0.0.tgz",
          "integrity": "sha512-66Pm4RYbjzdyeuqudYqhFiNBbCIuI9kgRqLPSHIlXHidW8NIQtVdkM1yeZ4lXwuhbTETv3EUGMNHAAw6hiundQ==",
          "dev": true,
          "requires": {
            "graceful-fs": "^4.1.2",
            "jsonfile": "^4.0.0",
            "universalify": "^0.1.0"
          }
        },
        "globby": {
          "version": "6.1.0",
          "resolved": "https://registry.npmjs.org/globby/-/globby-6.1.0.tgz",
          "integrity": "sha512-KVbFv2TQtbzCoxAnfD6JcHZTYCzyliEaaeM/gH8qQdkKr5s0OP9scEgvdcngyk7AVdY6YVW/TJHd+lQ/Df3Daw==",
          "dev": true,
          "requires": {
            "array-union": "^1.0.1",
            "glob": "^7.0.3",
            "object-assign": "^4.0.1",
            "pify": "^2.0.0",
            "pinkie-promise": "^2.0.0"
          }
        },
        "jsonfile": {
          "version": "4.0.0",
          "resolved": "https://registry.npmjs.org/jsonfile/-/jsonfile-4.0.0.tgz",
          "integrity": "sha512-m6F1R3z8jjlf2imQHS2Qez5sjKWQzbuuhuJ/FKYFRZvPE3PuHcSMVZzfsLhGVOkfd20obL5SWEBew5ShlquNxg==",
          "dev": true,
          "requires": {
            "graceful-fs": "^4.1.6"
          }
        },
        "lodash": {
          "version": "4.17.21",
          "resolved": "https://registry.npmjs.org/lodash/-/lodash-4.17.21.tgz",
          "integrity": "sha512-v2kDEe57lecTulaDIuNTPy3Ry4gLGJ6Z1O3vE1krgXZNrsQ+LFTGHVxVjcXPs17LhbZVGedAJv8XZ1tvj5FvSg==",
          "dev": true
        },
        "minimatch": {
          "version": "3.1.2",
          "resolved": "https://registry.npmjs.org/minimatch/-/minimatch-3.1.2.tgz",
          "integrity": "sha512-J7p63hRiAjw1NDEww1W7i37+ByIrOWO5XQQAzZ3VOcL0PNybwpfmV/N05zFAzwQ9USyEcX6t3UO+K5aqBQOIHw==",
          "dev": true,
          "requires": {
            "brace-expansion": "^1.1.7"
          }
        },
        "rimraf": {
          "version": "2.7.1",
          "resolved": "https://registry.npmjs.org/rimraf/-/rimraf-2.7.1.tgz",
          "integrity": "sha512-uWjbaKIK3T1OSVptzX7Nl6PvQ3qAGtKEtVRjRuazjfL3Bx5eI409VZSqgND+4UNnmzLVdPj9FqFJNPqBZFve4w==",
          "dev": true,
          "requires": {
            "glob": "^7.1.3"
          },
          "dependencies": {
            "glob": {
              "version": "7.2.3",
              "resolved": "https://registry.npmjs.org/glob/-/glob-7.2.3.tgz",
              "integrity": "sha512-nFR0zLpU2YCaRxwoCJvL6UvCH2JFyFVIvwTLsIf21AuHlMskA1hhTdk+LlYJtOlYt9v6dvszD2BGRqBL+iQK9Q==",
              "dev": true,
              "requires": {
                "fs.realpath": "^1.0.0",
                "inflight": "^1.0.4",
                "inherits": "2",
                "minimatch": "^3.1.1",
                "once": "^1.3.0",
                "path-is-absolute": "^1.0.0"
              }
            }
          }
        }
      }
    },
    "glob": {
      "version": "7.1.2",
      "resolved": "https://registry.npmjs.org/glob/-/glob-7.1.2.tgz",
      "integrity": "sha512-MJTUg1kjuLeQCJ+ccE4Vpa6kKVXkPYJ2mOCQyUuKLcLQsdrMCpBPUi8qVE6+YuaJkozeA9NusTAw3hLr8Xe5EQ==",
      "dev": true
    },
    "graceful-fs": {
      "version": "4.1.11",
      "resolved": "https://registry.npmjs.org/graceful-fs/-/graceful-fs-4.1.11.tgz",
      "integrity": "sha1-Dovf5NHduIVNZOBOp8AOKgJuVlg=",
      "dev": true
    },
    "humanize-url": {
      "version": "1.0.1",
      "resolved": "https://registry.npmjs.org/humanize-url/-/humanize-url-1.0.1.tgz",
      "integrity": "sha512-RtgTzXCPVb/te+e82NDhAc5paj+DuKSratIGAr+v+HZK24eAQ8LMoBGYoL7N/O+9iEc33AKHg45dOMKw3DNldQ==",
      "dev": true,
      "requires": {
        "normalize-url": "^1.0.0",
        "strip-url-auth": "^1.0.0"
      }
    },
    "immutable": {
      "version": "3.8.2",
      "resolved": "https://registry.npmjs.org/immutable/-/immutable-3.8.2.tgz",
      "integrity": "sha512-15gZoQ38eYjEjxkorfbcgBKBL6R7T459OuK+CpcWt7O3KF4uPCx2tD0uFETlUDIyo+1789crbMhTvQBSR5yBMg=="
    },
    "inflight": {
      "version": "1.0.6",
      "resolved": "https://registry.npmjs.org/inflight/-/inflight-1.0.6.tgz",
      "integrity": "sha1-Sb1jMdfQLQwJvJEKEHW6gWW1bfk=",
      "dev": true
    },
    "inherits": {
      "version": "2.0.3",
      "resolved": "https://registry.npmjs.org/inherits/-/inherits-2.0.3.tgz",
      "integrity": "sha1-Yzwsg+PaQqUC9SRmAiSA9CCCYd4=",
      "dev": true
    },
    "loose-envify": {
      "version": "1.3.1",
      "resolved": "https://registry.npmjs.org/loose-envify/-/loose-envify-1.3.1.tgz",
      "integrity": "sha1-0aitM/qc4OcT1l/dCsi3SNR4yEg="
    },
    "normalize-url": {
      "version": "1.9.1",
      "resolved": "https://registry.npmjs.org/normalize-url/-/normalize-url-1.9.1.tgz",
      "integrity": "sha1-LMDWazHqIwNkWENuNiDYWVTGbDw=",
      "dev": true
    },
    "object-assign": {
      "version": "4.1.1",
      "resolved": "https://registry.npmjs.org/object-assign/-/object-assign-4.1.1.tgz",
      "integrity": "sha1-IQmtx5ZYh8/AXLvUQsrIv7s2CGM="
    },
    "once": {
      "version": "1.4.0",
      "resolved": "https://registry.npmjs.org/once/-/once-1.4.0.tgz",
      "integrity": "sha1-WDsap3WWHUsROsF9nFC6753Xa9E=",
      "dev": true
    },
    "path-is-absolute": {
      "version": "1.0.1",
      "resolved": "https://registry.npmjs.org/path-is-absolute/-/path-is-absolute-1.0.1.tgz",
      "integrity": "sha1-F0uSaHNVNP+8es5r9TpanhtcX18=",
      "dev": true
    },
    "pify": {
      "version": "2.3.0",
      "resolved": "https://registry.npmjs.org/pify/-/pify-2.3.0.tgz",
      "integrity": "sha1-7RQaasBDqEnqWISY59yosVMw6Qw=",
      "dev": true
    },
    "pinkie-promise": {
      "version": "2.0.1",
      "resolved": "https://registry.npmjs.org/pinkie-promise/-/pinkie-promise-2.0.1.tgz",
      "integrity": "sha1-ITXW36ejWMBprJsXh3YogihFD/o=",
      "dev": true
    },
    "prop-types": {
      "version": "15.5.10",
      "resolved": "https://registry.npmjs.org/prop-types/-/prop-types-15.5.10.tgz",
      "integrity": "sha1-J5ffwxJhguOpXj37suiT3ddFYVQ="
    },
    "re-base": {
      "version": "3.0.2",
      "resolved": "https://registry.npmjs.org/re-base/-/re-base-3.0.2.tgz",
      "integrity": "sha1-0FT4SHc1qJD9O2tCql7PGE2HRYg="
    },
    "react": {
      "version": "15.7.0",
      "resolved": "https://registry.npmjs.org/react/-/react-15.7.0.tgz",
      "integrity": "sha512-5/MMRYmpmM0sMTHGLossnJCrmXQIiJilD6y3YN3TzAwGFj6zdnMtFv6xmi65PHKRV+pehIHpT7oy67Sr6s9AHA==",
      "requires": {
        "create-react-class": "^15.6.0",
        "fbjs": "^0.8.9",
        "loose-envify": "^1.1.0",
        "object-assign": "^4.1.0",
        "prop-types": "^15.5.10"
      }
    },
    "react-dom": {
      "version": "15.7.0",
      "resolved": "https://registry.npmjs.org/react-dom/-/react-dom-15.7.0.tgz",
      "integrity": "sha512-mpjXqC2t1FuYsILOLCj0kg6pbg460byZkVA/80VtDmKU/pYmoTdHOtaMcTRIDiyXLz4sIur0cQ04nOC6iGndJg==",
      "requires": {
        "fbjs": "^0.8.9",
        "loose-envify": "^1.1.0",
        "object-assign": "^4.1.0",
        "prop-types": "^15.5.10"
      }
    },
    "react-quill": {
      "version": "1.0.0-rc.3",
      "resolved": "https://registry.npmjs.org/react-quill/-/react-quill-1.0.0-rc.3.tgz",
      "integrity": "sha512-m38j9lHbQPcgkP1zNmk9pZjLOO2KbvLZGgUt729AXQNqokGy2MVAyEp+QH6fVT/Ag58FYTrcMKzNGsllvbPWYA=="
    },
    "react-router-dom": {
      "version": "4.1.1",
      "resolved": "https://registry.npmjs.org/react-router-dom/-/react-router-dom-4.1.1.tgz",
      "integrity": "sha1-MCGt4fLBYK+Xz5TiVZTF8pRYMCU="
    },
    "react-rte": {
      "version": "0.11.0",
      "resolved": "https://registry.npmjs.org/react-rte/-/react-rte-0.11.0.tgz",
      "integrity": "sha512-aTW4pbsPT/gMjyHGfI5NqWlMp54niz98Iczu7uv089yjIb0bpRI0pvqBPD+X4aA1SvgfHAL1JfLevcliXmRfgQ==",
      "requires": {
        "class-autobind": "^0.1.4",
        "classnames": "^2.2.5",
        "draft-js": "^0.9.1",
        "draft-js-export-html": "^0.5.1",
        "draft-js-export-markdown": "^0.2.2",
        "draft-js-import-html": "^0.3.2",
        "draft-js-import-markdown": "^0.2.1",
        "draft-js-utils": "^0.1.7",
        "immutable": "^3.8.1"
      }
    },
    "react-scripts": {
      "version": "1.0.7",
      "resolved": "https://registry.npmjs.org/react-scripts/-/react-scripts-1.0.7.tgz",
      "integrity": "sha1-/hQ23aA7tFRlx20JfP6k8y63y7s=",
      "dev": true
    },
    "strip-outer": {
      "version": "1.0.1",
      "resolved": "https://registry.npmjs.org/strip-outer/-/strip-outer-1.0.1.tgz",
      "integrity": "sha512-k55yxKHwaXnpYGsOzg4Vl8+tDrWylxDEpknGjhTiZB8dFRU5rTo9CAzeycivxV3s+zlTKwrs6WxMxR95n26kwg==",
      "dev": true,
      "requires": {
        "escape-string-regexp": "^1.0.2"
      }
    },
    "strip-url-auth": {
      "version": "1.0.1",
      "resolved": "https://registry.npmjs.org/strip-url-auth/-/strip-url-auth-1.0.1.tgz",
      "integrity": "sha512-++41PnXftlL3pvI6lpvhSEO+89g1kIJC4MYB5E6yH+WHa5InIqz51yGd1YOGd7VNSNdoEOfzTMqbAM/2PbgaHQ==",
      "dev": true
    },
    "synthetic-dom": {
      "version": "0.2.1",
      "resolved": "https://registry.npmjs.org/synthetic-dom/-/synthetic-dom-0.2.1.tgz",
      "integrity": "sha512-tf2w1c4ajr7sEw+X5jvd8Oi9gN6Fp7mPCyNouJvmikNUzZaXt4fvJ7LnGlDLgmW8zLP0ytyMagdtiig8C8ComA=="
    },
    "trim-repeated": {
      "version": "1.0.0",
      "resolved": "https://registry.npmjs.org/trim-repeated/-/trim-repeated-1.0.0.tgz",
      "integrity": "sha512-pkonvlKk8/ZuR0D5tLW8ljt5I8kmxp2XKymhepUeOdCEfKpZaktSArkLHZt76OB1ZvO9bssUsDty4SWhLvZpLg==",
      "dev": true,
      "requires": {
        "escape-string-regexp": "^1.0.2"
      }
    },
    "universalify": {
      "version": "0.1.0",
      "resolved": "https://registry.npmjs.org/universalify/-/universalify-0.1.0.tgz",
      "integrity": "sha1-nrHEZR3rzGcMyU8adXYjMruWd3g=",
      "dev": true
    }
  }
}
